
Microsoft Visual Studio Solution File, Format Version 12.00
# Visual Studio 15
VisualStudioVersion = 15.0.28307.705
MinimumVisualStudioVersion = 10.0.40219.1
Project("{2150E333-8FDC-42A3-9474-1A3956D46DE8}") = "Solution Items", "Solution Items", "{769B01E0-D114-41C7-B562-FF1318F44892}"
	ProjectSection(SolutionItems) = preProject
		.editorconfig = .editorconfig
		.gitattributes = .gitattributes
		.gitignore = .gitignore
		Bct.Workflow.Aggregates.CPP.nuspec = Bct.Workflow.Aggregates.CPP.nuspec
		Bct.Workflow.Aggregates.CPP.runsettings = Bct.Workflow.Aggregates.CPP.runsettings
		Configuration\create-nugetpackage.ps1 = Configuration\create-nugetpackage.ps1
		DoxyGen\Doxyfile = DoxyGen\Doxyfile
		Configuration\nuget-4.8.1.exe = Configuration\nuget-4.8.1.exe
		Configuration\SOLUTION_NUSPEC_VERSION.txt = Configuration\SOLUTION_NUSPEC_VERSION.txt
	EndProjectSection
EndProject
Project("{8BC9CEB8-8B4A-11D0-8D11-00A0C91BC942}") = "Bct.Workflow.Aggregates.CPP.GeneratedCode", "Bct.Workflow.Aggregates.CPP.GeneratedCode\Bct.Workflow.Aggregates.CPP.GeneratedCode.vcxproj", "{9B10266C-1CC1-418B-8390-E860603184B3}"
EndProject
Project("{8BC9CEB8-8B4A-11D0-8D11-00A0C91BC942}") = "Bct.Workflow.Aggregates.CPPLib", "Bct.Workflow.Aggregates.CPPLib\Bct.Workflow.Aggregates.CPPLib.vcxproj", "{A9850E36-2543-4EDE-80B0-5B27EF64859F}"
EndProject
Project("{8BC9CEB8-8B4A-11D0-8D11-00A0C91BC942}") = "Bct.Workflow.Aggregates.CPP.Test", "Bct.Workflow.Aggregates.CPP.Test\Bct.Workflow.Aggregates.CPP.Test.vcxproj", "{5A1C1F08-8E45-43A8-B935-7CA3D165EFBD}"
EndProject
Global
	GlobalSection(SolutionConfigurationPlatforms) = preSolution
		Debug|x86 = Debug|x86
		Release|x86 = Release|x86
	EndGlobalSection
	GlobalSection(ProjectConfigurationPlatforms) = postSolution
		{9B10266C-1CC1-418B-8390-E860603184B3}.Debug|x86.ActiveCfg = Debug|Win32
		{9B10266C-1CC1-418B-8390-E860603184B3}.Debug|x86.Build.0 = Debug|Win32
		{9B10266C-1CC1-418B-8390-E860603184B3}.Release|x86.ActiveCfg = Release|Win32
		{9B10266C-1CC1-418B-8390-E860603184B3}.Release|x86.Build.0 = Release|Win32
		{A9850E36-2543-4EDE-80B0-5B27EF64859F}.Debug|x86.ActiveCfg = Debug|Win32
		{A9850E36-2543-4EDE-80B0-5B27EF64859F}.Debug|x86.Build.0 = Debug|Win32
		{A9850E36-2543-4EDE-80B0-5B27EF64859F}.Release|x86.ActiveCfg = Release|Win32
		{A9850E36-2543-4EDE-80B0-5B27EF64859F}.Release|x86.Build.0 = Release|Win32
		{5A1C1F08-8E45-43A8-B935-7CA3D165EFBD}.Debug|x86.ActiveCfg = Debug|Win32
		{5A1C1F08-8E45-43A8-B935-7CA3D165EFBD}.Debug|x86.Build.0 = Debug|Win32
		{5A1C1F08-8E45-43A8-B935-7CA3D165EFBD}.Release|x86.ActiveCfg = Release|Win32
		{5A1C1F08-8E45-43A8-B935-7CA3D165EFBD}.Release|x86.Build.0 = Release|Win32
	EndGlobalSection
	GlobalSection(SolutionProperties) = preSolution
		HideSolutionNode = FALSE
	EndGlobalSection
	GlobalSection(ExtensibilityGlobals) = postSolution
		SolutionGuid = {3CB5BB61-C073-47B2-B5CE-2B9A874BB1CF}
	EndGlobalSection
EndGlobal
