<?xml version="1.0" encoding="utf-8"?>
<Project ToolsVersion="4.0" xmlns="http://schemas.microsoft.com/developer/msbuild/2003">
  <ItemGroup>
    <Filter Include="Source Files">
      <UniqueIdentifier>{4FC737F1-C7A5-4376-A066-2A32D752A2FF}</UniqueIdentifier>
      <Extensions>cpp;c;cc;cxx;def;odl;idl;hpj;bat;asm;asmx</Extensions>
    </Filter>
    <Filter Include="Header Files">
      <UniqueIdentifier>{93995380-89BD-4b04-88EB-625FBE52EBFB}</UniqueIdentifier>
      <Extensions>h;hh;hpp;hxx;hm;inl;inc;ipp;xsd</Extensions>
    </Filter>
    <Filter Include="Resource Files">
      <UniqueIdentifier>{67DA6AB6-F800-4c08-8B7A-83BB121AAD01}</UniqueIdentifier>
      <Extensions>rc;ico;cur;bmp;dlg;rc2;rct;bin;rgs;gif;jpg;jpeg;jpe;resx;tiff;tif;png;wav;mfcribbon-ms</Extensions>
    </Filter>
  </ItemGroup>
  <ItemGroup>
    <ClCompile Include="src\BaseAggregate.cpp">
      <Filter>Source Files</Filter>
    </ClCompile>
    <ClCompile Include="src\BaseField.cpp">
      <Filter>Source Files</Filter>
    </ClCompile>
    <ClCompile Include="src\Exceptions.cpp">
      <Filter>Source Files</Filter>
    </ClCompile>
    <ClCompile Include="test\BCT.Common.DevComm.Messages.Test.cpp">
      <Filter>Source Files</Filter>
    </ClCompile>
    <ClCompile Include="..\BCT.Common.Utilities.RPNEvaluator.CPPWin\BCT.Common.Utilities.RPNEvaluatorCPPWin\BCT.Common.Utilities.RPNEvaluatorCPPWinLib\FuncOper.cpp">
      <Filter>Source Files</Filter>
    </ClCompile>
    <ClCompile Include="..\BCT.Common.Utilities.RPNEvaluator.CPPWin\BCT.Common.Utilities.RPNEvaluatorCPPWin\BCT.Common.Utilities.RPNEvaluatorCPPWinLib\RPNEvaluator.cpp">
      <Filter>Source Files</Filter>
    </ClCompile>
    <ClCompile Include="..\BCT.Common.Utilities.RPNEvaluator.CPPWin\BCT.Common.Utilities.RPNEvaluatorCPPWin\BCT.Common.Utilities.RPNEvaluatorCPPWinLib\stdafx.cpp">
      <Filter>Source Files</Filter>
    </ClCompile>
    <ClCompile Include="..\BCT.Common.Utilities.RPNEvaluator.CPPWin\BCT.Common.Utilities.RPNEvaluatorCPPWin\BCT.Common.Utilities.RPNEvaluatorCPPWinLib\Token.cpp">
      <Filter>Source Files</Filter>
    </ClCompile>
    <ClCompile Include="test\GeneralUnitTests.cpp">
      <Filter>Source Files</Filter>
    </ClCompile>
    <ClCompile Include="test\ComputeFieldUnitTests.cpp">
      <Filter>Source Files</Filter>
    </ClCompile>
  </ItemGroup>
  <ItemGroup>
    <ClInclude Include="include\BaseAggregate.h">
      <Filter>Header Files</Filter>
    </ClInclude>
    <ClInclude Include="include\BaseField.h">
      <Filter>Header Files</Filter>
    </ClInclude>
    <ClInclude Include="include\Exceptions.h">
      <Filter>Header Files</Filter>
    </ClInclude>
    <ClInclude Include="include\FieldStateEnum.h">
      <Filter>Header Files</Filter>
    </ClInclude>
    <ClInclude Include="include\FieldTypeEnum.h">
      <Filter>Header Files</Filter>
    </ClInclude>
    <ClInclude Include="include\ComputeRule.h">
      <Filter>Header Files</Filter>
    </ClInclude>
    <ClInclude Include="include\AssessmentRule.h">
      <Filter>Header Files</Filter>
    </ClInclude>
    <ClInclude Include="include\FieldMeta.h">
      <Filter>Header Files</Filter>
    </ClInclude>
    <ClInclude Include="include\VersionMetaData.h">
      <Filter>Header Files</Filter>
    </ClInclude>
    <ClInclude Include="include\FieldInt32.h">
      <Filter>Header Files</Filter>
    </ClInclude>
    <ClInclude Include="include\FieldInt32Ro.h">
      <Filter>Header Files</Filter>
    </ClInclude>
    <ClInclude Include="include\FieldDouble.h">
      <Filter>Header Files</Filter>
    </ClInclude>
    <ClInclude Include="include\FieldDoubleRo.h">
      <Filter>Header Files</Filter>
    </ClInclude>
    <ClInclude Include="include\VersionChangeRule.h">
      <Filter>Header Files</Filter>
    </ClInclude>
    <ClInclude Include="include\VersionInfo.h">
      <Filter>Header Files</Filter>
    </ClInclude>
    <ClInclude Include="include\AbstractField.h">
      <Filter>Header Files</Filter>
    </ClInclude>
    <ClInclude Include="..\BCT.Common.Utilities.RPNEvaluator.CPPWin\BCT.Common.Utilities.RPNEvaluatorCPPWin\BCT.Common.Utilities.RPNEvaluatorCPPWinLib\FuncOper.h">
      <Filter>Header Files</Filter>
    </ClInclude>
    <ClInclude Include="..\BCT.Common.Utilities.RPNEvaluator.CPPWin\BCT.Common.Utilities.RPNEvaluatorCPPWin\BCT.Common.Utilities.RPNEvaluatorCPPWinLib\RPNEvaluator.h">
      <Filter>Header Files</Filter>
    </ClInclude>
    <ClInclude Include="..\BCT.Common.Utilities.RPNEvaluator.CPPWin\BCT.Common.Utilities.RPNEvaluatorCPPWin\BCT.Common.Utilities.RPNEvaluatorCPPWinLib\RPNException.h">
      <Filter>Header Files</Filter>
    </ClInclude>
    <ClInclude Include="..\BCT.Common.Utilities.RPNEvaluator.CPPWin\BCT.Common.Utilities.RPNEvaluatorCPPWin\BCT.Common.Utilities.RPNEvaluatorCPPWinLib\RPNVariable.h">
      <Filter>Header Files</Filter>
    </ClInclude>
    <ClInclude Include="..\BCT.Common.Utilities.RPNEvaluator.CPPWin\BCT.Common.Utilities.RPNEvaluatorCPPWin\BCT.Common.Utilities.RPNEvaluatorCPPWinLib\stdafx.h">
      <Filter>Header Files</Filter>
    </ClInclude>
    <ClInclude Include="..\BCT.Common.Utilities.RPNEvaluator.CPPWin\BCT.Common.Utilities.RPNEvaluatorCPPWin\BCT.Common.Utilities.RPNEvaluatorCPPWinLib\targetver.h">
      <Filter>Header Files</Filter>
    </ClInclude>
    <ClInclude Include="..\BCT.Common.Utilities.RPNEvaluator.CPPWin\BCT.Common.Utilities.RPNEvaluatorCPPWin\BCT.Common.Utilities.RPNEvaluatorCPPWinLib\Token.h">
      <Filter>Header Files</Filter>
    </ClInclude>
    <ClInclude Include="..\BCT.Common.Utilities.RPNEvaluator.CPPWin\BCT.Common.Utilities.RPNEvaluatorCPPWin\BCT.Common.Utilities.RPNEvaluatorCPPWinLib\TokenClass.h">
      <Filter>Header Files</Filter>
    </ClInclude>
    <ClInclude Include="..\BCT.Common.Utilities.RPNEvaluator.CPPWin\BCT.Common.Utilities.RPNEvaluatorCPPWin\BCT.Common.Utilities.RPNEvaluatorCPPWinLib\TypeCode.h">
      <Filter>Header Files</Filter>
    </ClInclude>
    <ClInclude Include="include\AbstractAggregate.h">
      <Filter>Header Files</Filter>
    </ClInclude>
  </ItemGroup>
  <ItemGroup>
    <None Include="test\Sample1.yaml" />
  </ItemGroup>
</Project>