<?xml version="1.0" encoding="utf-8"?>
<Project ToolsVersion="4.0" xmlns="http://schemas.microsoft.com/developer/msbuild/2003">
  <ItemGroup>
    <ClCompile Include="BCT.RPNEvaluator.CPP\src\FuncOper.cpp" />
    <ClCompile Include="BCT.RPNEvaluator.CPP\src\RPNEvaluator.cpp" />
    <ClCompile Include="BCT.RPNEvaluator.CPP\src\Token.cpp" />
    <ClCompile Include="src\AggregateMetaData.cpp" />
    <ClCompile Include="src\AssessmentResult.cpp" />
    <ClCompile Include="src\AssessmentRule.cpp" />
    <ClCompile Include="src\BaseAggregate.cpp" />
    <ClCompile Include="src\ComputeRule.cpp" />
    <ClCompile Include="src\FieldMeta.cpp" />
    <ClCompile Include="src\FluentAssessmentRule.cpp" />
    <ClCompile Include="src\FluentComputeRule.cpp" />
    <ClCompile Include="src\FluentMeta.cpp" />
    <ClCompile Include="src\FieldInfo.cpp" />
    <ClCompile Include="src\FluentVersionChangeRule.cpp" />
    <ClCompile Include="src\StringField.cpp" />
    <ClCompile Include="src\StringFieldRo.cpp" />
    <ClCompile Include="src\VersionChangeRule.cpp" />
    <ClCompile Include="src\VersionInfo.cpp" />
    <ClCompile Include="src\NoSuchVersion.cpp" />
    <ClCompile Include="src\NotAbleToGet.cpp" />
    <ClCompile Include="src\NotAbleToSet.cpp" />
    <ClCompile Include="src\AggregateNotFound.cpp" />
    <ClCompile Include="src\CannotConvertScalar.cpp" />
  </ItemGroup>
  <ItemGroup>
    <ClInclude Include="BCT.RPNEvaluator.CPP\include\FieldStateEnum.h" />
    <ClInclude Include="BCT.RPNEvaluator.CPP\include\FuncOper.h" />
    <ClInclude Include="BCT.RPNEvaluator.CPP\include\FunctionMap.h" />
    <ClInclude Include="BCT.RPNEvaluator.CPP\include\RPNEvaluator.h" />
    <ClInclude Include="BCT.RPNEvaluator.CPP\include\RPNVariable.h" />
    <ClInclude Include="BCT.RPNEvaluator.CPP\include\stdafx.h" />
    <ClInclude Include="BCT.RPNEvaluator.CPP\include\Token.h" />
    <ClInclude Include="BCT.RPNEvaluator.CPP\include\TokenClass.h" />
    <ClInclude Include="BCT.RPNEvaluator.CPP\include\TypeEnum.h" />
    <ClInclude Include="include\AbstractAggregate.h" />
    <ClInclude Include="include\AbstractField.h" />
    <ClInclude Include="include\AssessmentResult.h" />
    <ClInclude Include="include\AssessmentRule.h" />
    <ClInclude Include="include\BaseAggregate.h" />
    <ClInclude Include="include\BaseField.h" />
    <ClInclude Include="include\BaseFieldRo.h" />
    <ClInclude Include="include\ComputeRule.h" />
    <ClInclude Include="include\EnumField.h" />
    <ClInclude Include="include\EnumFieldRo.h" />
    <ClInclude Include="include\FieldInfo.h" />
    <ClInclude Include="include\FieldMeta.h" />
    <ClInclude Include="include\FluentAssessmentRule.h" />
    <ClInclude Include="include\FluentComputeRule.h" />
    <ClInclude Include="include\FluentMeta.h" />
    <ClInclude Include="include\FluentVersionChangeRule.h" />
    <ClInclude Include="include\StringField.h" />
    <ClInclude Include="include\StringFieldRo.h" />
    <ClInclude Include="include\VectorField.h" />
    <ClInclude Include="include\VersionChangeRule.h" />
    <ClInclude Include="include\VersionInfo.h" />
    <ClInclude Include="include\AggregateMetaData.h" />
    <ClInclude Include="include\VersionMetaData.h" />
    <ClInclude Include="targetver.h" />
    <ClInclude Include="rapidjson-1.1.0\include\rapidjson\error\en.h" />
    <ClInclude Include="rapidjson-1.1.0\include\rapidjson\error\error.h" />
    <ClInclude Include="rapidjson-1.1.0\include\rapidjson\internal\biginteger.h" />
    <ClInclude Include="rapidjson-1.1.0\include\rapidjson\internal\diyfp.h" />
    <ClInclude Include="rapidjson-1.1.0\include\rapidjson\internal\dtoa.h" />
    <ClInclude Include="rapidjson-1.1.0\include\rapidjson\internal\ieee754.h" />
    <ClInclude Include="rapidjson-1.1.0\include\rapidjson\internal\itoa.h" />
    <ClInclude Include="rapidjson-1.1.0\include\rapidjson\internal\meta.h" />
    <ClInclude Include="rapidjson-1.1.0\include\rapidjson\internal\pow10.h" />
    <ClInclude Include="rapidjson-1.1.0\include\rapidjson\internal\regex.h" />
    <ClInclude Include="rapidjson-1.1.0\include\rapidjson\internal\stack.h" />
    <ClInclude Include="rapidjson-1.1.0\include\rapidjson\internal\strfunc.h" />
    <ClInclude Include="rapidjson-1.1.0\include\rapidjson\internal\strtod.h" />
    <ClInclude Include="rapidjson-1.1.0\include\rapidjson\internal\swap.h" />
    <ClInclude Include="rapidjson-1.1.0\include\rapidjson\msinttypes\inttypes.h" />
    <ClInclude Include="rapidjson-1.1.0\include\rapidjson\msinttypes\stdint.h" />
    <ClInclude Include="rapidjson-1.1.0\include\rapidjson\allocators.h" />
    <ClInclude Include="rapidjson-1.1.0\include\rapidjson\document.h" />
    <ClInclude Include="rapidjson-1.1.0\include\rapidjson\encodedstream.h" />
    <ClInclude Include="rapidjson-1.1.0\include\rapidjson\encodings.h" />
    <ClInclude Include="rapidjson-1.1.0\include\rapidjson\filereadstream.h" />
    <ClInclude Include="rapidjson-1.1.0\include\rapidjson\filewritestream.h" />
    <ClInclude Include="rapidjson-1.1.0\include\rapidjson\fwd.h" />
    <ClInclude Include="rapidjson-1.1.0\include\rapidjson\istreamwrapper.h" />
    <ClInclude Include="rapidjson-1.1.0\include\rapidjson\memorybuffer.h" />
    <ClInclude Include="rapidjson-1.1.0\include\rapidjson\memorystream.h" />
    <ClInclude Include="rapidjson-1.1.0\include\rapidjson\ostreamwrapper.h" />
    <ClInclude Include="rapidjson-1.1.0\include\rapidjson\pointer.h" />
    <ClInclude Include="rapidjson-1.1.0\include\rapidjson\prettywriter.h" />
    <ClInclude Include="rapidjson-1.1.0\include\rapidjson\rapidjson.h" />
    <ClInclude Include="rapidjson-1.1.0\include\rapidjson\reader.h" />
    <ClInclude Include="rapidjson-1.1.0\include\rapidjson\schema.h" />
    <ClInclude Include="rapidjson-1.1.0\include\rapidjson\stream.h" />
    <ClInclude Include="rapidjson-1.1.0\include\rapidjson\stringbuffer.h" />
    <ClInclude Include="rapidjson-1.1.0\include\rapidjson\writer.h" />
    <ClInclude Include="include\NoSuchVersion.h" />
    <ClInclude Include="include\NotAbleToGet.h" />
    <ClInclude Include="include\NotAbleToSet.h" />
    <ClInclude Include="include\AggregateNotFound.h" />
    <ClInclude Include="include\CannotConvertScalar.h" />
  </ItemGroup>
  <ItemGroup>
    <None Include="packages.config" />
  </ItemGroup>
</Project>