<?xml version="1.0" encoding="utf-8"?>
<Project ToolsVersion="4.0" xmlns="http://schemas.microsoft.com/developer/msbuild/2003">
  <ItemGroup>
    <ClCompile Include="src\AggAssess.cpp" />
    <ClCompile Include="src\AggNested.cpp" />
    <ClCompile Include="src\AssessMetaData.cpp" />
    <ClCompile Include="src\AssessUnitTests.cpp" />
    <ClCompile Include="test\EnumFieldUnitTests.cpp" />
    <ClCompile Include="test\AggNestedUnitTests.cpp" />
    <ClCompile Include="test\GeneralUnitTests.cpp" />
    <ClCompile Include="test\ComputeFieldUnitTests.cpp" />
    <ClCompile Include="test\MetaUnitTests.cpp" />
    <ClCompile Include="test\ReferenceAggregateUnitTests.cpp" />
    <ClCompile Include="VersionChangeRuleUnitTests.cpp" />
  </ItemGroup>
  <ItemGroup>
    <ClInclude Include="include\AggAssess.h" />
    <ClInclude Include="include\AggNested.h" />
    <ClInclude Include="include\AssessMetaData.h" />
  </ItemGroup>
  <ItemGroup>
    <None Include="test\Sample1.yaml" />
  </ItemGroup>
</Project>